// !$*UTF8*$!
{
	archiveVersion = 1;
	classes = {
	};
	objectVersion = 54;
	objects = {

/* Begin PBXBuildFile section */
		D60CF17F29106BCF005A322C /* RealmSwift in Frameworks */ = {isa = PBXBuildFile; productRef = D60CF17E29106BCF005A322C /* RealmSwift */; };
		D631D90229263F2900CD1354 /* TabBarController.swift in Sources */ = {isa = PBXBuildFile; fileRef = D631D90129263F2900CD1354 /* TabBarController.swift */; };
		D633C185291E6D8C00B53792 /* quotes.json in Resources */ = {isa = PBXBuildFile; fileRef = D633C184291E6D8C00B53792 /* quotes.json */; };
		D633C188291E8FAB00B53792 /* SettingsViewController.swift in Sources */ = {isa = PBXBuildFile; fileRef = D633C187291E8FAB00B53792 /* SettingsViewController.swift */; };
		D651E52A29105B3000C14438 /* StorageManager.swift in Sources */ = {isa = PBXBuildFile; fileRef = D651E52929105B3000C14438 /* StorageManager.swift */; };
		D6890A73291F87C100CB11F6 /* SettingsPresentationController.swift in Sources */ = {isa = PBXBuildFile; fileRef = D6890A72291F87C100CB11F6 /* SettingsPresentationController.swift */; };
		D6C54A2A290D3B6E004F3722 /* AppDelegate.swift in Sources */ = {isa = PBXBuildFile; fileRef = D6C54A29290D3B6E004F3722 /* AppDelegate.swift */; };
		D6C54A2C290D3B6E004F3722 /* SceneDelegate.swift in Sources */ = {isa = PBXBuildFile; fileRef = D6C54A2B290D3B6E004F3722 /* SceneDelegate.swift */; };
		D6C54A2E290D3B6E004F3722 /* CalendarViewController.swift in Sources */ = {isa = PBXBuildFile; fileRef = D6C54A2D290D3B6E004F3722 /* CalendarViewController.swift */; };
		D6C54A31290D3B6E004F3722 /* Main.storyboard in Resources */ = {isa = PBXBuildFile; fileRef = D6C54A2F290D3B6E004F3722 /* Main.storyboard */; };
		D6C54A33290D3B6F004F3722 /* Assets.xcassets in Resources */ = {isa = PBXBuildFile; fileRef = D6C54A32290D3B6F004F3722 /* Assets.xcassets */; };
		D6C54A36290D3B6F004F3722 /* LaunchScreen.storyboard in Resources */ = {isa = PBXBuildFile; fileRef = D6C54A34290D3B6F004F3722 /* LaunchScreen.storyboard */; };
		D6C54A3F290D4237004F3722 /* DiaryView.swift in Sources */ = {isa = PBXBuildFile; fileRef = D6C54A3E290D4237004F3722 /* DiaryView.swift */; };
		D6C54A42290D425B004F3722 /* SnapKit in Frameworks */ = {isa = PBXBuildFile; productRef = D6C54A41290D425B004F3722 /* SnapKit */; };
		D6C54A45290D4269004F3722 /* FSCalendar in Frameworks */ = {isa = PBXBuildFile; productRef = D6C54A44290D4269004F3722 /* FSCalendar */; };
		D6C54A47290D42AE004F3722 /* CalendarCell.swift in Sources */ = {isa = PBXBuildFile; fileRef = D6C54A46290D42AE004F3722 /* CalendarCell.swift */; };
		D6C54A4C290D4A6E004F3722 /* Date+String.swift in Sources */ = {isa = PBXBuildFile; fileRef = D6C54A4B290D4A6E004F3722 /* Date+String.swift */; };
		D6C54A4F290D4AEB004F3722 /* EmotionsViewController.swift in Sources */ = {isa = PBXBuildFile; fileRef = D6C54A4E290D4AEB004F3722 /* EmotionsViewController.swift */; };
		D6C54A51290D4B15004F3722 /* MistakesViewController.swift in Sources */ = {isa = PBXBuildFile; fileRef = D6C54A50290D4B15004F3722 /* MistakesViewController.swift */; };
		D6C54A53290D4B31004F3722 /* NewEntryViewController.swift in Sources */ = {isa = PBXBuildFile; fileRef = D6C54A52290D4B31004F3722 /* NewEntryViewController.swift */; };
		D6DD7E48291BC1C300D62FB3 /* Сделать.swift in Sources */ = {isa = PBXBuildFile; fileRef = D6DD7E47291BC1C300D62FB3 /* Сделать.swift */; };
		D6DD7E4A291C3DD500D62FB3 /* NetworkManager.swift in Sources */ = {isa = PBXBuildFile; fileRef = D6DD7E49291C3DD500D62FB3 /* NetworkManager.swift */; };
		D6E8719529119DA60058E83D /* CollectionView.swift in Sources */ = {isa = PBXBuildFile; fileRef = D6E8719429119DA60058E83D /* CollectionView.swift */; };
		D6E8719929119FB90058E83D /* SectionHeader.swift in Sources */ = {isa = PBXBuildFile; fileRef = D6E8719829119FB90058E83D /* SectionHeader.swift */; };
		D6E8719B29119FDC0058E83D /* TypeCell.swift in Sources */ = {isa = PBXBuildFile; fileRef = D6E8719A29119FDC0058E83D /* TypeCell.swift */; };
		D6E871A42911A0860058E83D /* Event.swift in Sources */ = {isa = PBXBuildFile; fileRef = D6E871A32911A0860058E83D /* Event.swift */; };
		D6EC43CD291D878D005FC556 /* Alamofire in Frameworks */ = {isa = PBXBuildFile; productRef = D6EC43CC291D878D005FC556 /* Alamofire */; };
		D6F0E12929250CE0005E760C /* Model.swift in Sources */ = {isa = PBXBuildFile; fileRef = D6F0E12829250CE0005E760C /* Model.swift */; };
		D6F0E12B29250CF8005E760C /* ViewController.swift in Sources */ = {isa = PBXBuildFile; fileRef = D6F0E12A29250CF8005E760C /* ViewController.swift */; };
		D6F0E12D29250D16005E760C /* ViewCell.swift in Sources */ = {isa = PBXBuildFile; fileRef = D6F0E12C29250D16005E760C /* ViewCell.swift */; };
/* End PBXBuildFile section */

/* Begin PBXFileReference section */
		D631D90129263F2900CD1354 /* TabBarController.swift */ = {isa = PBXFileReference; lastKnownFileType = sourcecode.swift; path = TabBarController.swift; sourceTree = "<group>"; };
		D633C184291E6D8C00B53792 /* quotes.json */ = {isa = PBXFileReference; fileEncoding = 4; lastKnownFileType = text.json; path = quotes.json; sourceTree = "<group>"; };
		D633C187291E8FAB00B53792 /* SettingsViewController.swift */ = {isa = PBXFileReference; lastKnownFileType = sourcecode.swift; path = SettingsViewController.swift; sourceTree = "<group>"; };
		D651E52929105B3000C14438 /* StorageManager.swift */ = {isa = PBXFileReference; lastKnownFileType = sourcecode.swift; path = StorageManager.swift; sourceTree = "<group>"; };
		D6890A72291F87C100CB11F6 /* SettingsPresentationController.swift */ = {isa = PBXFileReference; lastKnownFileType = sourcecode.swift; path = SettingsPresentationController.swift; sourceTree = "<group>"; };
		D6C54A26290D3B6E004F3722 /* EmotionsDiary-PET.app */ = {isa = PBXFileReference; explicitFileType = wrapper.application; includeInIndex = 0; path = "EmotionsDiary-PET.app"; sourceTree = BUILT_PRODUCTS_DIR; };
		D6C54A29290D3B6E004F3722 /* AppDelegate.swift */ = {isa = PBXFileReference; lastKnownFileType = sourcecode.swift; path = AppDelegate.swift; sourceTree = "<group>"; };
		D6C54A2B290D3B6E004F3722 /* SceneDelegate.swift */ = {isa = PBXFileReference; lastKnownFileType = sourcecode.swift; path = SceneDelegate.swift; sourceTree = "<group>"; };
		D6C54A2D290D3B6E004F3722 /* CalendarViewController.swift */ = {isa = PBXFileReference; lastKnownFileType = sourcecode.swift; path = CalendarViewController.swift; sourceTree = "<group>"; };
		D6C54A30290D3B6E004F3722 /* Base */ = {isa = PBXFileReference; lastKnownFileType = file.storyboard; name = Base; path = Base.lproj/Main.storyboard; sourceTree = "<group>"; };
		D6C54A32290D3B6F004F3722 /* Assets.xcassets */ = {isa = PBXFileReference; lastKnownFileType = folder.assetcatalog; path = Assets.xcassets; sourceTree = "<group>"; };
		D6C54A35290D3B6F004F3722 /* Base */ = {isa = PBXFileReference; lastKnownFileType = file.storyboard; name = Base; path = Base.lproj/LaunchScreen.storyboard; sourceTree = "<group>"; };
		D6C54A37290D3B6F004F3722 /* Info.plist */ = {isa = PBXFileReference; lastKnownFileType = text.plist.xml; path = Info.plist; sourceTree = "<group>"; };
		D6C54A3E290D4237004F3722 /* DiaryView.swift */ = {isa = PBXFileReference; lastKnownFileType = sourcecode.swift; path = DiaryView.swift; sourceTree = "<group>"; };
		D6C54A46290D42AE004F3722 /* CalendarCell.swift */ = {isa = PBXFileReference; lastKnownFileType = sourcecode.swift; path = CalendarCell.swift; sourceTree = "<group>"; };
		D6C54A4B290D4A6E004F3722 /* Date+String.swift */ = {isa = PBXFileReference; lastKnownFileType = sourcecode.swift; path = "Date+String.swift"; sourceTree = "<group>"; };
		D6C54A4E290D4AEB004F3722 /* EmotionsViewController.swift */ = {isa = PBXFileReference; lastKnownFileType = sourcecode.swift; path = EmotionsViewController.swift; sourceTree = "<group>"; };
		D6C54A50290D4B15004F3722 /* MistakesViewController.swift */ = {isa = PBXFileReference; lastKnownFileType = sourcecode.swift; path = MistakesViewController.swift; sourceTree = "<group>"; };
		D6C54A52290D4B31004F3722 /* NewEntryViewController.swift */ = {isa = PBXFileReference; lastKnownFileType = sourcecode.swift; path = NewEntryViewController.swift; sourceTree = "<group>"; };
		D6DD7E47291BC1C300D62FB3 /* Сделать.swift */ = {isa = PBXFileReference; lastKnownFileType = sourcecode.swift; path = "Сделать.swift"; sourceTree = "<group>"; };
		D6DD7E49291C3DD500D62FB3 /* NetworkManager.swift */ = {isa = PBXFileReference; lastKnownFileType = sourcecode.swift; path = NetworkManager.swift; sourceTree = "<group>"; };
		D6E8719429119DA60058E83D /* CollectionView.swift */ = {isa = PBXFileReference; lastKnownFileType = sourcecode.swift; path = CollectionView.swift; sourceTree = "<group>"; };
		D6E8719829119FB90058E83D /* SectionHeader.swift */ = {isa = PBXFileReference; lastKnownFileType = sourcecode.swift; path = SectionHeader.swift; sourceTree = "<group>"; };
		D6E8719A29119FDC0058E83D /* TypeCell.swift */ = {isa = PBXFileReference; lastKnownFileType = sourcecode.swift; path = TypeCell.swift; sourceTree = "<group>"; };
		D6E871A32911A0860058E83D /* Event.swift */ = {isa = PBXFileReference; lastKnownFileType = sourcecode.swift; path = Event.swift; sourceTree = "<group>"; };
		D6F0E12829250CE0005E760C /* Model.swift */ = {isa = PBXFileReference; lastKnownFileType = sourcecode.swift; path = Model.swift; sourceTree = "<group>"; };
		D6F0E12A29250CF8005E760C /* ViewController.swift */ = {isa = PBXFileReference; lastKnownFileType = sourcecode.swift; path = ViewController.swift; sourceTree = "<group>"; };
		D6F0E12C29250D16005E760C /* ViewCell.swift */ = {isa = PBXFileReference; lastKnownFileType = sourcecode.swift; path = ViewCell.swift; sourceTree = "<group>"; };
/* End PBXFileReference section */

/* Begin PBXFrameworksBuildPhase section */
		D6C54A23290D3B6E004F3722 /* Frameworks */ = {
			isa = PBXFrameworksBuildPhase;
			buildActionMask = 2147483647;
			files = (
				D60CF17F29106BCF005A322C /* RealmSwift in Frameworks */,
				D6EC43CD291D878D005FC556 /* Alamofire in Frameworks */,
				D6C54A42290D425B004F3722 /* SnapKit in Frameworks */,
				D6C54A45290D4269004F3722 /* FSCalendar in Frameworks */,
			);
			runOnlyForDeploymentPostprocessing = 0;
		};
/* End PBXFrameworksBuildPhase section */

/* Begin PBXGroup section */
		D633C186291E8F8700B53792 /* PresentationController */ = {
			isa = PBXGroup;
			children = (
				D633C187291E8FAB00B53792 /* SettingsViewController.swift */,
				D6890A72291F87C100CB11F6 /* SettingsPresentationController.swift */,
			);
			path = PresentationController;
			sourceTree = "<group>";
		};
		D6C54A1D290D3B6E004F3722 = {
			isa = PBXGroup;
			children = (
				D6C54A28290D3B6E004F3722 /* EmotionsDiary-PET */,
				D6C54A27290D3B6E004F3722 /* Products */,
			);
			sourceTree = "<group>";
		};
		D6C54A27290D3B6E004F3722 /* Products */ = {
			isa = PBXGroup;
			children = (
				D6C54A26290D3B6E004F3722 /* EmotionsDiary-PET.app */,
			);
			name = Products;
			sourceTree = "<group>";
		};
		D6C54A28290D3B6E004F3722 /* EmotionsDiary-PET */ = {
			isa = PBXGroup;
			children = (
				D6F0E12729250CC4005E760C /* NewEntry */,
				D633C186291E8F8700B53792 /* PresentationController */,
				D6E8719F2911A0260058E83D /* Sources */,
				D6E8719E2911A0060058E83D /* Resources */,
				D6C54A4A290D4A49004F3722 /* Extension */,
				D6C54A3D290D4200004F3722 /* DiaryModule */,
				D6E8719429119DA60058E83D /* CollectionView.swift */,
				D6E8719829119FB90058E83D /* SectionHeader.swift */,
				D6E8719A29119FDC0058E83D /* TypeCell.swift */,
				D6DD7E47291BC1C300D62FB3 /* Сделать.swift */,
				D6E871A12911A0630058E83D /* Managers */,
				D633C184291E6D8C00B53792 /* quotes.json */,
			);
			path = "EmotionsDiary-PET";
			sourceTree = "<group>";
		};
		D6C54A3D290D4200004F3722 /* DiaryModule */ = {
			isa = PBXGroup;
			children = (
				D6C54A3E290D4237004F3722 /* DiaryView.swift */,
				D6C54A2D290D3B6E004F3722 /* CalendarViewController.swift */,
				D6C54A46290D42AE004F3722 /* CalendarCell.swift */,
				D6C54A52290D4B31004F3722 /* NewEntryViewController.swift */,
			);
			path = DiaryModule;
			sourceTree = "<group>";
		};
		D6C54A4A290D4A49004F3722 /* Extension */ = {
			isa = PBXGroup;
			children = (
				D6C54A4B290D4A6E004F3722 /* Date+String.swift */,
			);
			path = Extension;
			sourceTree = "<group>";
		};
		D6E8719E2911A0060058E83D /* Resources */ = {
			isa = PBXGroup;
			children = (
				D6C54A34290D3B6F004F3722 /* LaunchScreen.storyboard */,
				D6C54A37290D3B6F004F3722 /* Info.plist */,
				D6C54A32290D3B6F004F3722 /* Assets.xcassets */,
				D6C54A2F290D3B6E004F3722 /* Main.storyboard */,
			);
			path = Resources;
			sourceTree = "<group>";
		};
		D6E8719F2911A0260058E83D /* Sources */ = {
			isa = PBXGroup;
			children = (
				D6C54A50290D4B15004F3722 /* MistakesViewController.swift */,
				D6C54A4E290D4AEB004F3722 /* EmotionsViewController.swift */,
				D6E871A22911A0720058E83D /* Model */,
				D6E871A02911A03E0058E83D /* App */,
			);
			path = Sources;
			sourceTree = "<group>";
		};
		D6E871A02911A03E0058E83D /* App */ = {
			isa = PBXGroup;
			children = (
				D6C54A29290D3B6E004F3722 /* AppDelegate.swift */,
				D6C54A2B290D3B6E004F3722 /* SceneDelegate.swift */,
				D631D90129263F2900CD1354 /* TabBarController.swift */,
			);
			path = App;
			sourceTree = "<group>";
		};
		D6E871A12911A0630058E83D /* Managers */ = {
			isa = PBXGroup;
			children = (
				D651E52929105B3000C14438 /* StorageManager.swift */,
				D6DD7E49291C3DD500D62FB3 /* NetworkManager.swift */,
			);
			path = Managers;
			sourceTree = "<group>";
		};
		D6E871A22911A0720058E83D /* Model */ = {
			isa = PBXGroup;
			children = (
				D6E871A32911A0860058E83D /* Event.swift */,
			);
			path = Model;
			sourceTree = "<group>";
		};
		D6F0E12729250CC4005E760C /* NewEntry */ = {
			isa = PBXGroup;
			children = (
				D6F0E12829250CE0005E760C /* Model.swift */,
				D6F0E12A29250CF8005E760C /* ViewController.swift */,
				D6F0E12C29250D16005E760C /* ViewCell.swift */,
			);
			path = NewEntry;
			sourceTree = "<group>";
		};
/* End PBXGroup section */

/* Begin PBXNativeTarget section */
		D6C54A25290D3B6E004F3722 /* EmotionsDiary-PET */ = {
			isa = PBXNativeTarget;
			buildConfigurationList = D6C54A3A290D3B6F004F3722 /* Build configuration list for PBXNativeTarget "EmotionsDiary-PET" */;
			buildPhases = (
				D6C54A22290D3B6E004F3722 /* Sources */,
				D6C54A23290D3B6E004F3722 /* Frameworks */,
				D6C54A24290D3B6E004F3722 /* Resources */,
			);
			buildRules = (
			);
			dependencies = (
			);
			name = "EmotionsDiary-PET";
			packageProductDependencies = (
				D6C54A41290D425B004F3722 /* SnapKit */,
				D6C54A44290D4269004F3722 /* FSCalendar */,
				D60CF17E29106BCF005A322C /* RealmSwift */,
				D6EC43CC291D878D005FC556 /* Alamofire */,
			);
			productName = "EmotionsDiary-PET";
			productReference = D6C54A26290D3B6E004F3722 /* EmotionsDiary-PET.app */;
			productType = "com.apple.product-type.application";
		};
/* End PBXNativeTarget section */

/* Begin PBXProject section */
		D6C54A1E290D3B6E004F3722 /* Project object */ = {
			isa = PBXProject;
			attributes = {
				BuildIndependentTargetsInParallel = 1;
				LastSwiftUpdateCheck = 1400;
				LastUpgradeCheck = 1400;
				TargetAttributes = {
					D6C54A25290D3B6E004F3722 = {
						CreatedOnToolsVersion = 14.0;
					};
				};
			};
			buildConfigurationList = D6C54A21290D3B6E004F3722 /* Build configuration list for PBXProject "EmotionsDiary-PET" */;
			compatibilityVersion = "Xcode 12.0";
			developmentRegion = en;
			hasScannedForEncodings = 0;
			knownRegions = (
				en,
				Base,
			);
			mainGroup = D6C54A1D290D3B6E004F3722;
			packageReferences = (
				D6C54A40290D425B004F3722 /* XCRemoteSwiftPackageReference "SnapKit" */,
				D6C54A43290D4269004F3722 /* XCRemoteSwiftPackageReference "FSCalendar" */,
				D60CF17D29106BCF005A322C /* XCRemoteSwiftPackageReference "realm-swift" */,
				D6EC43CB291D878C005FC556 /* XCRemoteSwiftPackageReference "Alamofire" */,
			);
			productRefGroup = D6C54A27290D3B6E004F3722 /* Products */;
			projectDirPath = "";
			projectRoot = "";
			targets = (
				D6C54A25290D3B6E004F3722 /* EmotionsDiary-PET */,
			);
		};
/* End PBXProject section */

/* Begin PBXResourcesBuildPhase section */
		D6C54A24290D3B6E004F3722 /* Resources */ = {
			isa = PBXResourcesBuildPhase;
			buildActionMask = 2147483647;
			files = (
				D633C185291E6D8C00B53792 /* quotes.json in Resources */,
				D6C54A36290D3B6F004F3722 /* LaunchScreen.storyboard in Resources */,
				D6C54A33290D3B6F004F3722 /* Assets.xcassets in Resources */,
				D6C54A31290D3B6E004F3722 /* Main.storyboard in Resources */,
			);
			runOnlyForDeploymentPostprocessing = 0;
		};
/* End PBXResourcesBuildPhase section */

/* Begin PBXSourcesBuildPhase section */
		D6C54A22290D3B6E004F3722 /* Sources */ = {
			isa = PBXSourcesBuildPhase;
			buildActionMask = 2147483647;
			files = (
				D6E871A42911A0860058E83D /* Event.swift in Sources */,
				D6C54A53290D4B31004F3722 /* NewEntryViewController.swift in Sources */,
				D633C188291E8FAB00B53792 /* SettingsViewController.swift in Sources */,
				D6E8719B29119FDC0058E83D /* TypeCell.swift in Sources */,
				D6C54A4C290D4A6E004F3722 /* Date+String.swift in Sources */,
				D6DD7E4A291C3DD500D62FB3 /* NetworkManager.swift in Sources */,
				D651E52A29105B3000C14438 /* StorageManager.swift in Sources */,
				D6C54A2E290D3B6E004F3722 /* CalendarViewController.swift in Sources */,
				D6890A73291F87C100CB11F6 /* SettingsPresentationController.swift in Sources */,
				D6C54A2A290D3B6E004F3722 /* AppDelegate.swift in Sources */,
				D6C54A3F290D4237004F3722 /* DiaryView.swift in Sources */,
				D6C54A51290D4B15004F3722 /* MistakesViewController.swift in Sources */,
				D6F0E12B29250CF8005E760C /* ViewController.swift in Sources */,
				D631D90229263F2900CD1354 /* TabBarController.swift in Sources */,
				D6C54A4F290D4AEB004F3722 /* EmotionsViewController.swift in Sources */,
				D6DD7E48291BC1C300D62FB3 /* Сделать.swift in Sources */,
				D6C54A2C290D3B6E004F3722 /* SceneDelegate.swift in Sources */,
				D6E8719529119DA60058E83D /* CollectionView.swift in Sources */,
				D6F0E12929250CE0005E760C /* Model.swift in Sources */,
				D6F0E12D29250D16005E760C /* ViewCell.swift in Sources */,
				D6C54A47290D42AE004F3722 /* CalendarCell.swift in Sources */,
				D6E8719929119FB90058E83D /* SectionHeader.swift in Sources */,
			);
			runOnlyForDeploymentPostprocessing = 0;
		};
/* End PBXSourcesBuildPhase section */

/* Begin PBXVariantGroup section */
		D6C54A2F290D3B6E004F3722 /* Main.storyboard */ = {
			isa = PBXVariantGroup;
			children = (
				D6C54A30290D3B6E004F3722 /* Base */,
			);
			name = Main.storyboard;
			sourceTree = "<group>";
		};
		D6C54A34290D3B6F004F3722 /* LaunchScreen.storyboard */ = {
			isa = PBXVariantGroup;
			children = (
				D6C54A35290D3B6F004F3722 /* Base */,
			);
			name = LaunchScreen.storyboard;
			sourceTree = "<group>";
		};
/* End PBXVariantGroup section */

/* Begin XCBuildConfiguration section */
		D6C54A38290D3B6F004F3722 /* Debug */ = {
			isa = XCBuildConfiguration;
			buildSettings = {
				ALWAYS_SEARCH_USER_PATHS = NO;
				CLANG_ANALYZER_NONNULL = YES;
				CLANG_ANALYZER_NUMBER_OBJECT_CONVERSION = YES_AGGRESSIVE;
				CLANG_CXX_LANGUAGE_STANDARD = "gnu++20";
				CLANG_ENABLE_MODULES = YES;
				CLANG_ENABLE_OBJC_ARC = YES;
				CLANG_ENABLE_OBJC_WEAK = YES;
				CLANG_WARN_BLOCK_CAPTURE_AUTORELEASING = YES;
				CLANG_WARN_BOOL_CONVERSION = YES;
				CLANG_WARN_COMMA = YES;
				CLANG_WARN_CONSTANT_CONVERSION = YES;
				CLANG_WARN_DEPRECATED_OBJC_IMPLEMENTATIONS = YES;
				CLANG_WARN_DIRECT_OBJC_ISA_USAGE = YES_ERROR;
				CLANG_WARN_DOCUMENTATION_COMMENTS = YES;
				CLANG_WARN_EMPTY_BODY = YES;
				CLANG_WARN_ENUM_CONVERSION = YES;
				CLANG_WARN_INFINITE_RECURSION = YES;
				CLANG_WARN_INT_CONVERSION = YES;
				CLANG_WARN_NON_LITERAL_NULL_CONVERSION = YES;
				CLANG_WARN_OBJC_IMPLICIT_RETAIN_SELF = YES;
				CLANG_WARN_OBJC_LITERAL_CONVERSION = YES;
				CLANG_WARN_OBJC_ROOT_CLASS = YES_ERROR;
				CLANG_WARN_QUOTED_INCLUDE_IN_FRAMEWORK_HEADER = YES;
				CLANG_WARN_RANGE_LOOP_ANALYSIS = YES;
				CLANG_WARN_STRICT_PROTOTYPES = YES;
				CLANG_WARN_SUSPICIOUS_MOVE = YES;
				CLANG_WARN_UNGUARDED_AVAILABILITY = YES_AGGRESSIVE;
				CLANG_WARN_UNREACHABLE_CODE = YES;
				CLANG_WARN__DUPLICATE_METHOD_MATCH = YES;
				COPY_PHASE_STRIP = NO;
				DEBUG_INFORMATION_FORMAT = dwarf;
				ENABLE_STRICT_OBJC_MSGSEND = YES;
				ENABLE_TESTABILITY = YES;
				GCC_C_LANGUAGE_STANDARD = gnu11;
				GCC_DYNAMIC_NO_PIC = NO;
				GCC_NO_COMMON_BLOCKS = YES;
				GCC_OPTIMIZATION_LEVEL = 0;
				GCC_PREPROCESSOR_DEFINITIONS = (
					"DEBUG=1",
					"$(inherited)",
				);
				GCC_WARN_64_TO_32_BIT_CONVERSION = YES;
				GCC_WARN_ABOUT_RETURN_TYPE = YES_ERROR;
				GCC_WARN_UNDECLARED_SELECTOR = YES;
				GCC_WARN_UNINITIALIZED_AUTOS = YES_AGGRESSIVE;
				GCC_WARN_UNUSED_FUNCTION = YES;
				GCC_WARN_UNUSED_VARIABLE = YES;
				IPHONEOS_DEPLOYMENT_TARGET = 14.0;
				MTL_ENABLE_DEBUG_INFO = INCLUDE_SOURCE;
				MTL_FAST_MATH = YES;
				ONLY_ACTIVE_ARCH = YES;
				SDKROOT = iphoneos;
				SWIFT_ACTIVE_COMPILATION_CONDITIONS = DEBUG;
				SWIFT_OPTIMIZATION_LEVEL = "-Onone";
			};
			name = Debug;
		};
		D6C54A39290D3B6F004F3722 /* Release */ = {
			isa = XCBuildConfiguration;
			buildSettings = {
				ALWAYS_SEARCH_USER_PATHS = NO;
				CLANG_ANALYZER_NONNULL = YES;
				CLANG_ANALYZER_NUMBER_OBJECT_CONVERSION = YES_AGGRESSIVE;
				CLANG_CXX_LANGUAGE_STANDARD = "gnu++20";
				CLANG_ENABLE_MODULES = YES;
				CLANG_ENABLE_OBJC_ARC = YES;
				CLANG_ENABLE_OBJC_WEAK = YES;
				CLANG_WARN_BLOCK_CAPTURE_AUTORELEASING = YES;
				CLANG_WARN_BOOL_CONVERSION = YES;
				CLANG_WARN_COMMA = YES;
				CLANG_WARN_CONSTANT_CONVERSION = YES;
				CLANG_WARN_DEPRECATED_OBJC_IMPLEMENTATIONS = YES;
				CLANG_WARN_DIRECT_OBJC_ISA_USAGE = YES_ERROR;
				CLANG_WARN_DOCUMENTATION_COMMENTS = YES;
				CLANG_WARN_EMPTY_BODY = YES;
				CLANG_WARN_ENUM_CONVERSION = YES;
				CLANG_WARN_INFINITE_RECURSION = YES;
				CLANG_WARN_INT_CONVERSION = YES;
				CLANG_WARN_NON_LITERAL_NULL_CONVERSION = YES;
				CLANG_WARN_OBJC_IMPLICIT_RETAIN_SELF = YES;
				CLANG_WARN_OBJC_LITERAL_CONVERSION = YES;
				CLANG_WARN_OBJC_ROOT_CLASS = YES_ERROR;
				CLANG_WARN_QUOTED_INCLUDE_IN_FRAMEWORK_HEADER = YES;
				CLANG_WARN_RANGE_LOOP_ANALYSIS = YES;
				CLANG_WARN_STRICT_PROTOTYPES = YES;
				CLANG_WARN_SUSPICIOUS_MOVE = YES;
				CLANG_WARN_UNGUARDED_AVAILABILITY = YES_AGGRESSIVE;
				CLANG_WARN_UNREACHABLE_CODE = YES;
				CLANG_WARN__DUPLICATE_METHOD_MATCH = YES;
				COPY_PHASE_STRIP = NO;
				DEBUG_INFORMATION_FORMAT = "dwarf-with-dsym";
				ENABLE_NS_ASSERTIONS = NO;
				ENABLE_STRICT_OBJC_MSGSEND = YES;
				GCC_C_LANGUAGE_STANDARD = gnu11;
				GCC_NO_COMMON_BLOCKS = YES;
				GCC_WARN_64_TO_32_BIT_CONVERSION = YES;
				GCC_WARN_ABOUT_RETURN_TYPE = YES_ERROR;
				GCC_WARN_UNDECLARED_SELECTOR = YES;
				GCC_WARN_UNINITIALIZED_AUTOS = YES_AGGRESSIVE;
				GCC_WARN_UNUSED_FUNCTION = YES;
				GCC_WARN_UNUSED_VARIABLE = YES;
				IPHONEOS_DEPLOYMENT_TARGET = 14.0;
				MTL_ENABLE_DEBUG_INFO = NO;
				MTL_FAST_MATH = YES;
				SDKROOT = iphoneos;
				SWIFT_COMPILATION_MODE = wholemodule;
				SWIFT_OPTIMIZATION_LEVEL = "-O";
				VALIDATE_PRODUCT = YES;
			};
			name = Release;
		};
		D6C54A3B290D3B6F004F3722 /* Debug */ = {
			isa = XCBuildConfiguration;
			buildSettings = {
				ASSETCATALOG_COMPILER_APPICON_NAME = AppIcon;
				ASSETCATALOG_COMPILER_GLOBAL_ACCENT_COLOR_NAME = AccentColor;
				CODE_SIGN_STYLE = Automatic;
				CURRENT_PROJECT_VERSION = 1;
				DEVELOPMENT_TEAM = CGLFK7WJHJ;
				GENERATE_INFOPLIST_FILE = YES;
				INFOPLIST_FILE = "EmotionsDiary-PET/Resources/Info.plist";
				INFOPLIST_KEY_UIApplicationSupportsIndirectInputEvents = YES;
				INFOPLIST_KEY_UILaunchStoryboardName = LaunchScreen;
				INFOPLIST_KEY_UIMainStoryboardFile = Main;
				INFOPLIST_KEY_UISupportedInterfaceOrientations_iPad = "UIInterfaceOrientationPortrait UIInterfaceOrientationPortraitUpsideDown UIInterfaceOrientationLandscapeLeft UIInterfaceOrientationLandscapeRight";
				INFOPLIST_KEY_UISupportedInterfaceOrientations_iPhone = "UIInterfaceOrientationPortrait UIInterfaceOrientationLandscapeLeft UIInterfaceOrientationLandscapeRight";
				LD_RUNPATH_SEARCH_PATHS = (
					"$(inherited)",
					"@executable_path/Frameworks",
				);
				MARKETING_VERSION = 1.0;
				PRODUCT_BUNDLE_IDENTIFIER = "com.my.EmotionsDiary-PET";
				PRODUCT_NAME = "$(TARGET_NAME)";
				SWIFT_EMIT_LOC_STRINGS = YES;
				SWIFT_VERSION = 5.0;
				TARGETED_DEVICE_FAMILY = "1,2";
			};
			name = Debug;
		};
		D6C54A3C290D3B6F004F3722 /* Release */ = {
			isa = XCBuildConfiguration;
			buildSettings = {
				ASSETCATALOG_COMPILER_APPICON_NAME = AppIcon;
				ASSETCATALOG_COMPILER_GLOBAL_ACCENT_COLOR_NAME = AccentColor;
				CODE_SIGN_STYLE = Automatic;
				CURRENT_PROJECT_VERSION = 1;
				DEVELOPMENT_TEAM = CGLFK7WJHJ;
				GENERATE_INFOPLIST_FILE = YES;
				INFOPLIST_FILE = "EmotionsDiary-PET/Resources/Info.plist";
				INFOPLIST_KEY_UIApplicationSupportsIndirectInputEvents = YES;
				INFOPLIST_KEY_UILaunchStoryboardName = LaunchScreen;
				INFOPLIST_KEY_UIMainStoryboardFile = Main;
				INFOPLIST_KEY_UISupportedInterfaceOrientations_iPad = "UIInterfaceOrientationPortrait UIInterfaceOrientationPortraitUpsideDown UIInterfaceOrientationLandscapeLeft UIInterfaceOrientationLandscapeRight";
				INFOPLIST_KEY_UISupportedInterfaceOrientations_iPhone = "UIInterfaceOrientationPortrait UIInterfaceOrientationLandscapeLeft UIInterfaceOrientationLandscapeRight";
				LD_RUNPATH_SEARCH_PATHS = (
					"$(inherited)",
					"@executable_path/Frameworks",
				);
				MARKETING_VERSION = 1.0;
				PRODUCT_BUNDLE_IDENTIFIER = "com.my.EmotionsDiary-PET";
				PRODUCT_NAME = "$(TARGET_NAME)";
				SWIFT_EMIT_LOC_STRINGS = YES;
				SWIFT_VERSION = 5.0;
				TARGETED_DEVICE_FAMILY = "1,2";
			};
			name = Release;
		};
/* End XCBuildConfiguration section */

/* Begin XCConfigurationList section */
		D6C54A21290D3B6E004F3722 /* Build configuration list for PBXProject "EmotionsDiary-PET" */ = {
			isa = XCConfigurationList;
			buildConfigurations = (
				D6C54A38290D3B6F004F3722 /* Debug */,
				D6C54A39290D3B6F004F3722 /* Release */,
			);
			defaultConfigurationIsVisible = 0;
			defaultConfigurationName = Release;
		};
		D6C54A3A290D3B6F004F3722 /* Build configuration list for PBXNativeTarget "EmotionsDiary-PET" */ = {
			isa = XCConfigurationList;
			buildConfigurations = (
				D6C54A3B290D3B6F004F3722 /* Debug */,
				D6C54A3C290D3B6F004F3722 /* Release */,
			);
			defaultConfigurationIsVisible = 0;
			defaultConfigurationName = Release;
		};
/* End XCConfigurationList section */

/* Begin XCRemoteSwiftPackageReference section */
		D60CF17D29106BCF005A322C /* XCRemoteSwiftPackageReference "realm-swift" */ = {
			isa = XCRemoteSwiftPackageReference;
			repositoryURL = "https://github.com/realm/realm-swift.git";
			requirement = {
				branch = master;
				kind = branch;
			};
		};
		D6C54A40290D425B004F3722 /* XCRemoteSwiftPackageReference "SnapKit" */ = {
			isa = XCRemoteSwiftPackageReference;
			repositoryURL = "https://github.com/SnapKit/SnapKit.git";
			requirement = {
				branch = develop;
				kind = branch;
			};
		};
		D6C54A43290D4269004F3722 /* XCRemoteSwiftPackageReference "FSCalendar" */ = {
			isa = XCRemoteSwiftPackageReference;
			repositoryURL = "https://github.com/WenchaoD/FSCalendar.git";
			requirement = {
				branch = master;
				kind = branch;
			};
		};
		D6EC43CB291D878C005FC556 /* XCRemoteSwiftPackageReference "Alamofire" */ = {
			isa = XCRemoteSwiftPackageReference;
			repositoryURL = "https://github.com/Alamofire/Alamofire.git";
			requirement = {
				branch = master;
				kind = branch;
			};
		};
/* End XCRemoteSwiftPackageReference section */

/* Begin XCSwiftPackageProductDependency section */
		D60CF17E29106BCF005A322C /* RealmSwift */ = {
			isa = XCSwiftPackageProductDependency;
			package = D60CF17D29106BCF005A322C /* XCRemoteSwiftPackageReference "realm-swift" */;
			productName = RealmSwift;
		};
		D6C54A41290D425B004F3722 /* SnapKit */ = {
			isa = XCSwiftPackageProductDependency;
			package = D6C54A40290D425B004F3722 /* XCRemoteSwiftPackageReference "SnapKit" */;
			productName = SnapKit;
		};
		D6C54A44290D4269004F3722 /* FSCalendar */ = {
			isa = XCSwiftPackageProductDependency;
			package = D6C54A43290D4269004F3722 /* XCRemoteSwiftPackageReference "FSCalendar" */;
			productName = FSCalendar;
		};
		D6EC43CC291D878D005FC556 /* Alamofire */ = {
			isa = XCSwiftPackageProductDependency;
			package = D6EC43CB291D878C005FC556 /* XCRemoteSwiftPackageReference "Alamofire" */;
			productName = Alamofire;
		};
/* End XCSwiftPackageProductDependency section */
	};
	rootObject = D6C54A1E290D3B6E004F3722 /* Project object */;
}
